{
  "nodes": {
    "nixpkgs": {
      "locked": {
        "lastModified": 1684481515,
        "narHash": "sha256-sDMEZ4HLP6sVNiBcgla3KWihdDjh67DP5ZWkGKWFgY0=",
        "owner": "NixOS",
        "repo": "nixpkgs",
        "rev": "5b1bc788f578cd83d54b48bb057d6f6703ae7725",
        "type": "github"
      },
      "original": {
        "owner": "NixOS",
        "ref": "nixos-unstable",
        "repo": "nixpkgs",
        "type": "github"
      }
    },
    "root": {
      "inputs": {
        "nixpkgs": "nixpkgs"
      }
    }
  },
  "root": "root",
  "version": 7
}
