{
  "nodes": {
    "carla-dev": {
      "flake": false,
      "locked": {
        "lastModified": 1697704626,
        "narHash": "sha256-ajqh+1iKXNyVzlsex9fJZMeyFCg6H2TLFbp+sCPoPHc=",
        "owner": "carla-simulator",
        "repo": "carla",
        "rev": "827508fcead836c4d00be637bab6d1152114a92a",
        "type": "github"
      },
      "original": {
        "owner": "carla-simulator",
        "ref": "dev",
        "repo": "carla",
        "type": "github"
      }
    },
    "nixpkgs": {
      "locked": {
        "lastModified": 1688868408,
        "narHash": "sha256-RR9N5XTAxSBhK8MCvLq9uxfdkd7etC//seVXldy0k48=",
        "owner": "NixOS",
        "repo": "nixpkgs",
        "rev": "510d721ce097150ae3b80f84b04b13b039186571",
        "type": "github"
      },
      "original": {
        "owner": "NixOS",
        "ref": "nixos-23.05",
        "repo": "nixpkgs",
        "type": "github"
      }
    },
    "root": {
      "inputs": {
        "carla-dev": "carla-dev",
        "nixpkgs": "nixpkgs"
      }
    }
  },
  "root": "root",
  "version": 7
}
